PODS:
  - TensorFlowLiteC (2.4.0):
    - TensorFlowLiteC/Core (= 2.4.0)
  - TensorFlowLiteC/Core (2.4.0)
  - TensorFlowLiteC/CoreML (2.4.0):
    - TensorFlowLiteC/Core
  - TensorFlowLiteSwift/Core (2.4.0):
    - TensorFlowLiteC (= 2.4.0)
  - TensorFlowLiteSwift/CoreML (2.4.0):
    - TensorFlowLiteC/CoreML (= 2.4.0)
    - TensorFlowLiteSwift/Core (= 2.4.0)
  - TFLiteSwift-Vision (0.3.0):
    - TensorFlowLiteSwift/CoreML (~> 2.4.0)

DEPENDENCIES:
  - TFLiteSwift-Vision (from `../`)

SPEC REPOS:
  trunk:
    - TensorFlowLiteC
    - TensorFlowLiteSwift

EXTERNAL SOURCES:
  TFLiteSwift-Vision:
    :path: "../"

SPEC CHECKSUMS:
  TensorFlowLiteC: 09f8ac75a76caeadb19bcfa694e97454cc1ecf87
  TensorFlowLiteSwift: f062dc1178120100d825d7799fd9f115b4a37fee
  TFLiteSwift-Vision: f6a565e25ad728d4b6159cffe254d354a98e6f62

PODFILE CHECKSUM: 1edc5475587e5c662c098734f6ef6d6ae93c9b4f

COCOAPODS: 1.10.1
