PODS:
  - TensorFlowLiteC (2.4.0):
    - TensorFlowLiteC/Core (= 2.4.0)
  - TensorFlowLiteC/Core (2.4.0)
  - TensorFlowLiteC/CoreML (2.4.0):
    - TensorFlowLiteC/Core
  - TensorFlowLiteSwift/Core (2.4.0):
    - TensorFlowLiteC (= 2.4.0)
  - TensorFlowLiteSwift/CoreML (2.4.0):
    - TensorFlowLiteC/CoreML (= 2.4.0)
    - TensorFlowLiteSwift/Core (= 2.4.0)
  - TFLiteSwift-Vision (0.2.5):
    - TensorFlowLiteSwift/CoreML (~> 2.4.0)

DEPENDENCIES:
  - TFLiteSwift-Vision (~> 0.2.5)

SPEC REPOS:
  trunk:
    - TensorFlowLiteC
    - TensorFlowLiteSwift
    - TFLiteSwift-Vision

SPEC CHECKSUMS:
  TensorFlowLiteC: 09f8ac75a76caeadb19bcfa694e97454cc1ecf87
  TensorFlowLiteSwift: f062dc1178120100d825d7799fd9f115b4a37fee
  TFLiteSwift-Vision: 027c255ef18604cc8fb5e6b6e32399e7b4418f73

PODFILE CHECKSUM: ebcf1aa898bd4f2ff025f3a08319d4d1a4bc9608

COCOAPODS: 1.11.0
