PODS:
  - Sketch (2.0)
  - TensorFlowLiteC (2.4.0):
    - TensorFlowLiteC/Core (= 2.4.0)
  - TensorFlowLiteC/Core (2.4.0)
  - TensorFlowLiteC/CoreML (2.4.0):
    - TensorFlowLiteC/Core
  - TensorFlowLiteSwift/Core (2.4.0):
    - TensorFlowLiteC (= 2.4.0)
  - TensorFlowLiteSwift/CoreML (2.4.0):
    - TensorFlowLiteC/CoreML (= 2.4.0)
    - TensorFlowLiteSwift/Core (= 2.4.0)
  - TFLiteSwift-Vision (0.2.5):
    - TensorFlowLiteSwift/CoreML (~> 2.4.0)

DEPENDENCIES:
  - Sketch
  - TFLiteSwift-Vision (from `../../`)

SPEC REPOS:
  trunk:
    - Sketch
    - TensorFlowLiteC
    - TensorFlowLiteSwift

EXTERNAL SOURCES:
  TFLiteSwift-Vision:
    :path: "../../"

SPEC CHECKSUMS:
  Sketch: c54b898799ba34cb282b57ff42b5d0a6071e855f
  TensorFlowLiteC: 09f8ac75a76caeadb19bcfa694e97454cc1ecf87
  TensorFlowLiteSwift: f062dc1178120100d825d7799fd9f115b4a37fee
  TFLiteSwift-Vision: 027c255ef18604cc8fb5e6b6e32399e7b4418f73

PODFILE CHECKSUM: 8c9db22cbbcfd6c2d76ee2ac8e2f3f0dc53cd312

COCOAPODS: 1.11.0
